
Microsoft Visual Studio Solution File, Format Version 12.00
# Visual Studio Version 16
VisualStudioVersion = 16.0.31624.102
MinimumVisualStudioVersion = 10.0.40219.1
Project("{FAE04EC0-301F-11D3-BF4B-00C04F79EFBC}") = "C01_MultiThreadBase", "C01_MultiThreadBase\C01_MultiThreadBase.csproj", "{4DB52120-D397-4E2A-BD9B-7C455108CDA9}"
EndProject
Project("{FAE04EC0-301F-11D3-BF4B-00C04F79EFBC}") = "C02_MultiThread2", "C02_MultiThread2\C02_MultiThread2.csproj", "{7EF6A4BE-730C-4882-90EE-8F682C82704A}"
EndProject
Global
	GlobalSection(SolutionConfigurationPlatforms) = preSolution
		Debug|Any CPU = Debug|Any CPU
		Release|Any CPU = Release|Any CPU
	EndGlobalSection
	GlobalSection(ProjectConfigurationPlatforms) = postSolution
		{4DB52120-D397-4E2A-BD9B-7C455108CDA9}.Debug|Any CPU.ActiveCfg = Debug|Any CPU
		{4DB52120-D397-4E2A-BD9B-7C455108CDA9}.Debug|Any CPU.Build.0 = Debug|Any CPU
		{4DB52120-D397-4E2A-BD9B-7C455108CDA9}.Release|Any CPU.ActiveCfg = Release|Any CPU
		{4DB52120-D397-4E2A-BD9B-7C455108CDA9}.Release|Any CPU.Build.0 = Release|Any CPU
		{7EF6A4BE-730C-4882-90EE-8F682C82704A}.Debug|Any CPU.ActiveCfg = Debug|Any CPU
		{7EF6A4BE-730C-4882-90EE-8F682C82704A}.Debug|Any CPU.Build.0 = Debug|Any CPU
		{7EF6A4BE-730C-4882-90EE-8F682C82704A}.Release|Any CPU.ActiveCfg = Release|Any CPU
		{7EF6A4BE-730C-4882-90EE-8F682C82704A}.Release|Any CPU.Build.0 = Release|Any CPU
	EndGlobalSection
	GlobalSection(SolutionProperties) = preSolution
		HideSolutionNode = FALSE
	EndGlobalSection
	GlobalSection(ExtensibilityGlobals) = postSolution
		SolutionGuid = {E9254D8E-0EF8-412A-92A2-EBF838187F98}
	EndGlobalSection
EndGlobal
